
Microsoft Visual Studio Solution File, Format Version 12.00
# Visual Studio Version 16
VisualStudioVersion = 16.0.31112.23
MinimumVisualStudioVersion = 10.0.40219.1
Project("{FAE04EC0-301F-11D3-BF4B-00C04F79EFBC}") = "Flock", "Flock\Flock.csproj", "{27FB894A-20A1-451B-8A81-AC773C35F302}"
EndProject
Project("{FAE04EC0-301F-11D3-BF4B-00C04F79EFBC}") = "UnitTest", "UnitTest\UnitTest.csproj", "{654D5141-77A7-495D-A65A-CB6902A0A034}"
EndProject
Global
	GlobalSection(SolutionConfigurationPlatforms) = preSolution
		Debug|Any CPU = Debug|Any CPU
		Release|Any CPU = Release|Any CPU
	EndGlobalSection
	GlobalSection(ProjectConfigurationPlatforms) = postSolution
		{27FB894A-20A1-451B-8A81-AC773C35F302}.Debug|Any CPU.ActiveCfg = Debug|Any CPU
		{27FB894A-20A1-451B-8A81-AC773C35F302}.Debug|Any CPU.Build.0 = Debug|Any CPU
		{27FB894A-20A1-451B-8A81-AC773C35F302}.Release|Any CPU.ActiveCfg = Release|Any CPU
		{27FB894A-20A1-451B-8A81-AC773C35F302}.Release|Any CPU.Build.0 = Release|Any CPU
		{654D5141-77A7-495D-A65A-CB6902A0A034}.Debug|Any CPU.ActiveCfg = Debug|Any CPU
		{654D5141-77A7-495D-A65A-CB6902A0A034}.Debug|Any CPU.Build.0 = Debug|Any CPU
		{654D5141-77A7-495D-A65A-CB6902A0A034}.Release|Any CPU.ActiveCfg = Release|Any CPU
		{654D5141-77A7-495D-A65A-CB6902A0A034}.Release|Any CPU.Build.0 = Release|Any CPU
	EndGlobalSection
	GlobalSection(SolutionProperties) = preSolution
		HideSolutionNode = FALSE
	EndGlobalSection
	GlobalSection(ExtensibilityGlobals) = postSolution
		SolutionGuid = {B9A49CB4-2E96-425A-AADF-5CC325163241}
	EndGlobalSection
EndGlobal
